// !$*UTF8*$!
{
	archiveVersion = 1;
	classes = {
	};
	objectVersion = 50;
	objects = {

/* Begin PBXBuildFile section */
		571C9041218DAC6A0010DCC1 /* AppDelegate.swift in Sources */ = {isa = PBXBuildFile; fileRef = 571C9040218DAC6A0010DCC1 /* AppDelegate.swift */; };
		571C9043218DAC6A0010DCC1 /* ViewController.swift in Sources */ = {isa = PBXBuildFile; fileRef = 571C9042218DAC6A0010DCC1 /* ViewController.swift */; };
		571C9046218DAC6A0010DCC1 /* Main.storyboard in Resources */ = {isa = PBXBuildFile; fileRef = 571C9044218DAC6A0010DCC1 /* Main.storyboard */; };
		571C9048218DAC700010DCC1 /* Assets.xcassets in Resources */ = {isa = PBXBuildFile; fileRef = 571C9047218DAC700010DCC1 /* Assets.xcassets */; };
		571C904B218DAC700010DCC1 /* LaunchScreen.storyboard in Resources */ = {isa = PBXBuildFile; fileRef = 571C9049218DAC700010DCC1 /* LaunchScreen.storyboard */; };
		571C9056218DAC710010DCC1 /* PRACTICA1Tests.swift in Sources */ = {isa = PBXBuildFile; fileRef = 571C9055218DAC710010DCC1 /* PRACTICA1Tests.swift */; };
		571C9061218DAC710010DCC1 /* PRACTICA1UITests.swift in Sources */ = {isa = PBXBuildFile; fileRef = 571C9060218DAC710010DCC1 /* PRACTICA1UITests.swift */; };
		571C906F218DB9F00010DCC1 /* coin.swift in Sources */ = {isa = PBXBuildFile; fileRef = 571C906E218DB9F00010DCC1 /* coin.swift */; };
/* End PBXBuildFile section */

/* Begin PBXContainerItemProxy section */
		571C9052218DAC710010DCC1 /* PBXContainerItemProxy */ = {
			isa = PBXContainerItemProxy;
			containerPortal = 571C9035218DAC6A0010DCC1 /* Project object */;
			proxyType = 1;
			remoteGlobalIDString = 571C903C218DAC6A0010DCC1;
			remoteInfo = PRACTICA1;
		};
		571C905D218DAC710010DCC1 /* PBXContainerItemProxy */ = {
			isa = PBXContainerItemProxy;
			containerPortal = 571C9035218DAC6A0010DCC1 /* Project object */;
			proxyType = 1;
			remoteGlobalIDString = 571C903C218DAC6A0010DCC1;
			remoteInfo = PRACTICA1;
		};
/* End PBXContainerItemProxy section */

/* Begin PBXFileReference section */
		571C903D218DAC6A0010DCC1 /* PRACTICA1.app */ = {isa = PBXFileReference; explicitFileType = wrapper.application; includeInIndex = 0; path = PRACTICA1.app; sourceTree = BUILT_PRODUCTS_DIR; };
		571C9040218DAC6A0010DCC1 /* AppDelegate.swift */ = {isa = PBXFileReference; lastKnownFileType = sourcecode.swift; path = AppDelegate.swift; sourceTree = "<group>"; };
		571C9042218DAC6A0010DCC1 /* ViewController.swift */ = {isa = PBXFileReference; lastKnownFileType = sourcecode.swift; path = ViewController.swift; sourceTree = "<group>"; };
		571C9045218DAC6A0010DCC1 /* Base */ = {isa = PBXFileReference; lastKnownFileType = file.storyboard; name = Base; path = Base.lproj/Main.storyboard; sourceTree = "<group>"; };
		571C9047218DAC700010DCC1 /* Assets.xcassets */ = {isa = PBXFileReference; lastKnownFileType = folder.assetcatalog; path = Assets.xcassets; sourceTree = "<group>"; };
		571C904A218DAC700010DCC1 /* Base */ = {isa = PBXFileReference; lastKnownFileType = file.storyboard; name = Base; path = Base.lproj/LaunchScreen.storyboard; sourceTree = "<group>"; };
		571C904C218DAC700010DCC1 /* Info.plist */ = {isa = PBXFileReference; lastKnownFileType = text.plist.xml; path = Info.plist; sourceTree = "<group>"; };
		571C9051218DAC710010DCC1 /* PRACTICA1Tests.xctest */ = {isa = PBXFileReference; explicitFileType = wrapper.cfbundle; includeInIndex = 0; path = PRACTICA1Tests.xctest; sourceTree = BUILT_PRODUCTS_DIR; };
		571C9055218DAC710010DCC1 /* PRACTICA1Tests.swift */ = {isa = PBXFileReference; lastKnownFileType = sourcecode.swift; path = PRACTICA1Tests.swift; sourceTree = "<group>"; };
		571C9057218DAC710010DCC1 /* Info.plist */ = {isa = PBXFileReference; lastKnownFileType = text.plist.xml; path = Info.plist; sourceTree = "<group>"; };
		571C905C218DAC710010DCC1 /* PRACTICA1UITests.xctest */ = {isa = PBXFileReference; explicitFileType = wrapper.cfbundle; includeInIndex = 0; path = PRACTICA1UITests.xctest; sourceTree = BUILT_PRODUCTS_DIR; };
		571C9060218DAC710010DCC1 /* PRACTICA1UITests.swift */ = {isa = PBXFileReference; lastKnownFileType = sourcecode.swift; path = PRACTICA1UITests.swift; sourceTree = "<group>"; };
		571C9062218DAC710010DCC1 /* Info.plist */ = {isa = PBXFileReference; lastKnownFileType = text.plist.xml; path = Info.plist; sourceTree = "<group>"; };
		571C906E218DB9F00010DCC1 /* coin.swift */ = {isa = PBXFileReference; lastKnownFileType = sourcecode.swift; path = coin.swift; sourceTree = "<group>"; };
/* End PBXFileReference section */

/* Begin PBXFrameworksBuildPhase section */
		571C903A218DAC6A0010DCC1 /* Frameworks */ = {
			isa = PBXFrameworksBuildPhase;
			buildActionMask = 2147483647;
			files = (
			);
			runOnlyForDeploymentPostprocessing = 0;
		};
		571C904E218DAC710010DCC1 /* Frameworks */ = {
			isa = PBXFrameworksBuildPhase;
			buildActionMask = 2147483647;
			files = (
			);
			runOnlyForDeploymentPostprocessing = 0;
		};
		571C9059218DAC710010DCC1 /* Frameworks */ = {
			isa = PBXFrameworksBuildPhase;
			buildActionMask = 2147483647;
			files = (
			);
			runOnlyForDeploymentPostprocessing = 0;
		};
/* End PBXFrameworksBuildPhase section */

/* Begin PBXGroup section */
		571C9034218DAC6A0010DCC1 = {
			isa = PBXGroup;
			children = (
				571C903F218DAC6A0010DCC1 /* PRACTICA1 */,
				571C9054218DAC710010DCC1 /* PRACTICA1Tests */,
				571C905F218DAC710010DCC1 /* PRACTICA1UITests */,
				571C903E218DAC6A0010DCC1 /* Products */,
			);
			sourceTree = "<group>";
		};
		571C903E218DAC6A0010DCC1 /* Products */ = {
			isa = PBXGroup;
			children = (
				571C903D218DAC6A0010DCC1 /* PRACTICA1.app */,
				571C9051218DAC710010DCC1 /* PRACTICA1Tests.xctest */,
				571C905C218DAC710010DCC1 /* PRACTICA1UITests.xctest */,
			);
			name = Products;
			sourceTree = "<group>";
		};
		571C903F218DAC6A0010DCC1 /* PRACTICA1 */ = {
			isa = PBXGroup;
			children = (
				571C9040218DAC6A0010DCC1 /* AppDelegate.swift */,
				571C9042218DAC6A0010DCC1 /* ViewController.swift */,
				571C9044218DAC6A0010DCC1 /* Main.storyboard */,
				571C9047218DAC700010DCC1 /* Assets.xcassets */,
				571C9049218DAC700010DCC1 /* LaunchScreen.storyboard */,
				571C904C218DAC700010DCC1 /* Info.plist */,
				571C906E218DB9F00010DCC1 /* coin.swift */,
			);
			path = PRACTICA1;
			sourceTree = "<group>";
		};
		571C9054218DAC710010DCC1 /* PRACTICA1Tests */ = {
			isa = PBXGroup;
			children = (
				571C9055218DAC710010DCC1 /* PRACTICA1Tests.swift */,
				571C9057218DAC710010DCC1 /* Info.plist */,
			);
			path = PRACTICA1Tests;
			sourceTree = "<group>";
		};
		571C905F218DAC710010DCC1 /* PRACTICA1UITests */ = {
			isa = PBXGroup;
			children = (
				571C9060218DAC710010DCC1 /* PRACTICA1UITests.swift */,
				571C9062218DAC710010DCC1 /* Info.plist */,
			);
			path = PRACTICA1UITests;
			sourceTree = "<group>";
		};
/* End PBXGroup section */

/* Begin PBXNativeTarget section */
		571C903C218DAC6A0010DCC1 /* PRACTICA1 */ = {
			isa = PBXNativeTarget;
			buildConfigurationList = 571C9065218DAC710010DCC1 /* Build configuration list for PBXNativeTarget "PRACTICA1" */;
			buildPhases = (
				571C9039218DAC6A0010DCC1 /* Sources */,
				571C903A218DAC6A0010DCC1 /* Frameworks */,
				571C903B218DAC6A0010DCC1 /* Resources */,
			);
			buildRules = (
			);
			dependencies = (
			);
			name = PRACTICA1;
			productName = PRACTICA1;
			productReference = 571C903D218DAC6A0010DCC1 /* PRACTICA1.app */;
			productType = "com.apple.product-type.application";
		};
		571C9050218DAC710010DCC1 /* PRACTICA1Tests */ = {
			isa = PBXNativeTarget;
			buildConfigurationList = 571C9068218DAC710010DCC1 /* Build configuration list for PBXNativeTarget "PRACTICA1Tests" */;
			buildPhases = (
				571C904D218DAC710010DCC1 /* Sources */,
				571C904E218DAC710010DCC1 /* Frameworks */,
				571C904F218DAC710010DCC1 /* Resources */,
			);
			buildRules = (
			);
			dependencies = (
				571C9053218DAC710010DCC1 /* PBXTargetDependency */,
			);
			name = PRACTICA1Tests;
			productName = PRACTICA1Tests;
			productReference = 571C9051218DAC710010DCC1 /* PRACTICA1Tests.xctest */;
			productType = "com.apple.product-type.bundle.unit-test";
		};
		571C905B218DAC710010DCC1 /* PRACTICA1UITests */ = {
			isa = PBXNativeTarget;
			buildConfigurationList = 571C906B218DAC710010DCC1 /* Build configuration list for PBXNativeTarget "PRACTICA1UITests" */;
			buildPhases = (
				571C9058218DAC710010DCC1 /* Sources */,
				571C9059218DAC710010DCC1 /* Frameworks */,
				571C905A218DAC710010DCC1 /* Resources */,
			);
			buildRules = (
			);
			dependencies = (
				571C905E218DAC710010DCC1 /* PBXTargetDependency */,
			);
			name = PRACTICA1UITests;
			productName = PRACTICA1UITests;
			productReference = 571C905C218DAC710010DCC1 /* PRACTICA1UITests.xctest */;
			productType = "com.apple.product-type.bundle.ui-testing";
		};
/* End PBXNativeTarget section */

/* Begin PBXProject section */
		571C9035218DAC6A0010DCC1 /* Project object */ = {
			isa = PBXProject;
			attributes = {
				LastSwiftUpdateCheck = 1010;
				LastUpgradeCheck = 1010;
				ORGANIZATIONNAME = victor;
				TargetAttributes = {
					571C903C218DAC6A0010DCC1 = {
						CreatedOnToolsVersion = 10.1;
					};
					571C9050218DAC710010DCC1 = {
						CreatedOnToolsVersion = 10.1;
						TestTargetID = 571C903C218DAC6A0010DCC1;
					};
					571C905B218DAC710010DCC1 = {
						CreatedOnToolsVersion = 10.1;
						TestTargetID = 571C903C218DAC6A0010DCC1;
					};
				};
			};
			buildConfigurationList = 571C9038218DAC6A0010DCC1 /* Build configuration list for PBXProject "PRACTICA1" */;
			compatibilityVersion = "Xcode 9.3";
			developmentRegion = en;
			hasScannedForEncodings = 0;
			knownRegions = (
				en,
				Base,
			);
			mainGroup = 571C9034218DAC6A0010DCC1;
			productRefGroup = 571C903E218DAC6A0010DCC1 /* Products */;
			projectDirPath = "";
			projectRoot = "";
			targets = (
				571C903C218DAC6A0010DCC1 /* PRACTICA1 */,
				571C9050218DAC710010DCC1 /* PRACTICA1Tests */,
				571C905B218DAC710010DCC1 /* PRACTICA1UITests */,
			);
		};
/* End PBXProject section */

/* Begin PBXResourcesBuildPhase section */
		571C903B218DAC6A0010DCC1 /* Resources */ = {
			isa = PBXResourcesBuildPhase;
			buildActionMask = 2147483647;
			files = (
				571C904B218DAC700010DCC1 /* LaunchScreen.storyboard in Resources */,
				571C9048218DAC700010DCC1 /* Assets.xcassets in Resources */,
				571C9046218DAC6A0010DCC1 /* Main.storyboard in Resources */,
			);
			runOnlyForDeploymentPostprocessing = 0;
		};
		571C904F218DAC710010DCC1 /* Resources */ = {
			isa = PBXResourcesBuildPhase;
			buildActionMask = 2147483647;
			files = (
			);
			runOnlyForDeploymentPostprocessing = 0;
		};
		571C905A218DAC710010DCC1 /* Resources */ = {
			isa = PBXResourcesBuildPhase;
			buildActionMask = 2147483647;
			files = (
			);
			runOnlyForDeploymentPostprocessing = 0;
		};
/* End PBXResourcesBuildPhase section */

/* Begin PBXSourcesBuildPhase section */
		571C9039218DAC6A0010DCC1 /* Sources */ = {
			isa = PBXSourcesBuildPhase;
			buildActionMask = 2147483647;
			files = (
				571C906F218DB9F00010DCC1 /* coin.swift in Sources */,
				571C9043218DAC6A0010DCC1 /* ViewController.swift in Sources */,
				571C9041218DAC6A0010DCC1 /* AppDelegate.swift in Sources */,
			);
			runOnlyForDeploymentPostprocessing = 0;
		};
		571C904D218DAC710010DCC1 /* Sources */ = {
			isa = PBXSourcesBuildPhase;
			buildActionMask = 2147483647;
			files = (
				571C9056218DAC710010DCC1 /* PRACTICA1Tests.swift in Sources */,
			);
			runOnlyForDeploymentPostprocessing = 0;
		};
		571C9058218DAC710010DCC1 /* Sources */ = {
			isa = PBXSourcesBuildPhase;
			buildActionMask = 2147483647;
			files = (
				571C9061218DAC710010DCC1 /* PRACTICA1UITests.swift in Sources */,
			);
			runOnlyForDeploymentPostprocessing = 0;
		};
/* End PBXSourcesBuildPhase section */

/* Begin PBXTargetDependency section */
		571C9053218DAC710010DCC1 /* PBXTargetDependency */ = {
			isa = PBXTargetDependency;
			target = 571C903C218DAC6A0010DCC1 /* PRACTICA1 */;
			targetProxy = 571C9052218DAC710010DCC1 /* PBXContainerItemProxy */;
		};
		571C905E218DAC710010DCC1 /* PBXTargetDependency */ = {
			isa = PBXTargetDependency;
			target = 571C903C218DAC6A0010DCC1 /* PRACTICA1 */;
			targetProxy = 571C905D218DAC710010DCC1 /* PBXContainerItemProxy */;
		};
/* End PBXTargetDependency section */

/* Begin PBXVariantGroup section */
		571C9044218DAC6A0010DCC1 /* Main.storyboard */ = {
			isa = PBXVariantGroup;
			children = (
				571C9045218DAC6A0010DCC1 /* Base */,
			);
			name = Main.storyboard;
			sourceTree = "<group>";
		};
		571C9049218DAC700010DCC1 /* LaunchScreen.storyboard */ = {
			isa = PBXVariantGroup;
			children = (
				571C904A218DAC700010DCC1 /* Base */,
			);
			name = LaunchScreen.storyboard;
			sourceTree = "<group>";
		};
/* End PBXVariantGroup section */

/* Begin XCBuildConfiguration section */
		571C9063218DAC710010DCC1 /* Debug */ = {
			isa = XCBuildConfiguration;
			buildSettings = {
				ALWAYS_SEARCH_USER_PATHS = NO;
				CLANG_ANALYZER_NONNULL = YES;
				CLANG_ANALYZER_NUMBER_OBJECT_CONVERSION = YES_AGGRESSIVE;
				CLANG_CXX_LANGUAGE_STANDARD = "gnu++14";
				CLANG_CXX_LIBRARY = "libc++";
				CLANG_ENABLE_MODULES = YES;
				CLANG_ENABLE_OBJC_ARC = YES;
				CLANG_ENABLE_OBJC_WEAK = YES;
				CLANG_WARN_BLOCK_CAPTURE_AUTORELEASING = YES;
				CLANG_WARN_BOOL_CONVERSION = YES;
				CLANG_WARN_COMMA = YES;
				CLANG_WARN_CONSTANT_CONVERSION = YES;
				CLANG_WARN_DEPRECATED_OBJC_IMPLEMENTATIONS = YES;
				CLANG_WARN_DIRECT_OBJC_ISA_USAGE = YES_ERROR;
				CLANG_WARN_DOCUMENTATION_COMMENTS = YES;
				CLANG_WARN_EMPTY_BODY = YES;
				CLANG_WARN_ENUM_CONVERSION = YES;
				CLANG_WARN_INFINITE_RECURSION = YES;
				CLANG_WARN_INT_CONVERSION = YES;
				CLANG_WARN_NON_LITERAL_NULL_CONVERSION = YES;
				CLANG_WARN_OBJC_IMPLICIT_RETAIN_SELF = YES;
				CLANG_WARN_OBJC_LITERAL_CONVERSION = YES;
				CLANG_WARN_OBJC_ROOT_CLASS = YES_ERROR;
				CLANG_WARN_RANGE_LOOP_ANALYSIS = YES;
				CLANG_WARN_STRICT_PROTOTYPES = YES;
				CLANG_WARN_SUSPICIOUS_MOVE = YES;
				CLANG_WARN_UNGUARDED_AVAILABILITY = YES_AGGRESSIVE;
				CLANG_WARN_UNREACHABLE_CODE = YES;
				CLANG_WARN__DUPLICATE_METHOD_MATCH = YES;
				CODE_SIGN_IDENTITY = "iPhone Developer";
				COPY_PHASE_STRIP = NO;
				DEBUG_INFORMATION_FORMAT = dwarf;
				ENABLE_STRICT_OBJC_MSGSEND = YES;
				ENABLE_TESTABILITY = YES;
				GCC_C_LANGUAGE_STANDARD = gnu11;
				GCC_DYNAMIC_NO_PIC = NO;
				GCC_NO_COMMON_BLOCKS = YES;
				GCC_OPTIMIZATION_LEVEL = 0;
				GCC_PREPROCESSOR_DEFINITIONS = (
					"DEBUG=1",
					"$(inherited)",
				);
				GCC_WARN_64_TO_32_BIT_CONVERSION = YES;
				GCC_WARN_ABOUT_RETURN_TYPE = YES_ERROR;
				GCC_WARN_UNDECLARED_SELECTOR = YES;
				GCC_WARN_UNINITIALIZED_AUTOS = YES_AGGRESSIVE;
				GCC_WARN_UNUSED_FUNCTION = YES;
				GCC_WARN_UNUSED_VARIABLE = YES;
				IPHONEOS_DEPLOYMENT_TARGET = 12.1;
				MTL_ENABLE_DEBUG_INFO = INCLUDE_SOURCE;
				MTL_FAST_MATH = YES;
				ONLY_ACTIVE_ARCH = YES;
				SDKROOT = iphoneos;
				SWIFT_ACTIVE_COMPILATION_CONDITIONS = DEBUG;
				SWIFT_OPTIMIZATION_LEVEL = "-Onone";
			};
			name = Debug;
		};
		571C9064218DAC710010DCC1 /* Release */ = {
			isa = XCBuildConfiguration;
			buildSettings = {
				ALWAYS_SEARCH_USER_PATHS = NO;
				CLANG_ANALYZER_NONNULL = YES;
				CLANG_ANALYZER_NUMBER_OBJECT_CONVERSION = YES_AGGRESSIVE;
				CLANG_CXX_LANGUAGE_STANDARD = "gnu++14";
				CLANG_CXX_LIBRARY = "libc++";
				CLANG_ENABLE_MODULES = YES;
				CLANG_ENABLE_OBJC_ARC = YES;
				CLANG_ENABLE_OBJC_WEAK = YES;
				CLANG_WARN_BLOCK_CAPTURE_AUTORELEASING = YES;
				CLANG_WARN_BOOL_CONVERSION = YES;
				CLANG_WARN_COMMA = YES;
				CLANG_WARN_CONSTANT_CONVERSION = YES;
				CLANG_WARN_DEPRECATED_OBJC_IMPLEMENTATIONS = YES;
				CLANG_WARN_DIRECT_OBJC_ISA_USAGE = YES_ERROR;
				CLANG_WARN_DOCUMENTATION_COMMENTS = YES;
				CLANG_WARN_EMPTY_BODY = YES;
				CLANG_WARN_ENUM_CONVERSION = YES;
				CLANG_WARN_INFINITE_RECURSION = YES;
				CLANG_WARN_INT_CONVERSION = YES;
				CLANG_WARN_NON_LITERAL_NULL_CONVERSION = YES;
				CLANG_WARN_OBJC_IMPLICIT_RETAIN_SELF = YES;
				CLANG_WARN_OBJC_LITERAL_CONVERSION = YES;
				CLANG_WARN_OBJC_ROOT_CLASS = YES_ERROR;
				CLANG_WARN_RANGE_LOOP_ANALYSIS = YES;
				CLANG_WARN_STRICT_PROTOTYPES = YES;
				CLANG_WARN_SUSPICIOUS_MOVE = YES;
				CLANG_WARN_UNGUARDED_AVAILABILITY = YES_AGGRESSIVE;
				CLANG_WARN_UNREACHABLE_CODE = YES;
				CLANG_WARN__DUPLICATE_METHOD_MATCH = YES;
				CODE_SIGN_IDENTITY = "iPhone Developer";
				COPY_PHASE_STRIP = NO;
				DEBUG_INFORMATION_FORMAT = "dwarf-with-dsym";
				ENABLE_NS_ASSERTIONS = NO;
				ENABLE_STRICT_OBJC_MSGSEND = YES;
				GCC_C_LANGUAGE_STANDARD = gnu11;
				GCC_NO_COMMON_BLOCKS = YES;
				GCC_WARN_64_TO_32_BIT_CONVERSION = YES;
				GCC_WARN_ABOUT_RETURN_TYPE = YES_ERROR;
				GCC_WARN_UNDECLARED_SELECTOR = YES;
				GCC_WARN_UNINITIALIZED_AUTOS = YES_AGGRESSIVE;
				GCC_WARN_UNUSED_FUNCTION = YES;
				GCC_WARN_UNUSED_VARIABLE = YES;
				IPHONEOS_DEPLOYMENT_TARGET = 12.1;
				MTL_ENABLE_DEBUG_INFO = NO;
				MTL_FAST_MATH = YES;
				SDKROOT = iphoneos;
				SWIFT_COMPILATION_MODE = wholemodule;
				SWIFT_OPTIMIZATION_LEVEL = "-O";
				VALIDATE_PRODUCT = YES;
			};
			name = Release;
		};
		571C9066218DAC710010DCC1 /* Debug */ = {
			isa = XCBuildConfiguration;
			buildSettings = {
				ASSETCATALOG_COMPILER_APPICON_NAME = AppIcon;
				CODE_SIGN_STYLE = Automatic;
				INFOPLIST_FILE = PRACTICA1/Info.plist;
				LD_RUNPATH_SEARCH_PATHS = (
					"$(inherited)",
					"@executable_path/Frameworks",
				);
				PRODUCT_BUNDLE_IDENTIFIER = id.PRACTICA1;
				PRODUCT_NAME = "$(TARGET_NAME)";
				SWIFT_VERSION = 4.2;
				TARGETED_DEVICE_FAMILY = "1,2";
			};
			name = Debug;
		};
		571C9067218DAC710010DCC1 /* Release */ = {
			isa = XCBuildConfiguration;
			buildSettings = {
				ASSETCATALOG_COMPILER_APPICON_NAME = AppIcon;
				CODE_SIGN_STYLE = Automatic;
				INFOPLIST_FILE = PRACTICA1/Info.plist;
				LD_RUNPATH_SEARCH_PATHS = (
					"$(inherited)",
					"@executable_path/Frameworks",
				);
				PRODUCT_BUNDLE_IDENTIFIER = id.PRACTICA1;
				PRODUCT_NAME = "$(TARGET_NAME)";
				SWIFT_VERSION = 4.2;
				TARGETED_DEVICE_FAMILY = "1,2";
			};
			name = Release;
		};
		571C9069218DAC710010DCC1 /* Debug */ = {
			isa = XCBuildConfiguration;
			buildSettings = {
				ALWAYS_EMBED_SWIFT_STANDARD_LIBRARIES = YES;
				BUNDLE_LOADER = "$(TEST_HOST)";
				CODE_SIGN_STYLE = Automatic;
				INFOPLIST_FILE = PRACTICA1Tests/Info.plist;
				LD_RUNPATH_SEARCH_PATHS = (
					"$(inherited)",
					"@executable_path/Frameworks",
					"@loader_path/Frameworks",
				);
				PRODUCT_BUNDLE_IDENTIFIER = id.PRACTICA1Tests;
				PRODUCT_NAME = "$(TARGET_NAME)";
				SWIFT_VERSION = 4.2;
				TARGETED_DEVICE_FAMILY = "1,2";
				TEST_HOST = "$(BUILT_PRODUCTS_DIR)/PRACTICA1.app/PRACTICA1";
			};
			name = Debug;
		};
		571C906A218DAC710010DCC1 /* Release */ = {
			isa = XCBuildConfiguration;
			buildSettings = {
				ALWAYS_EMBED_SWIFT_STANDARD_LIBRARIES = YES;
				BUNDLE_LOADER = "$(TEST_HOST)";
				CODE_SIGN_STYLE = Automatic;
				INFOPLIST_FILE = PRACTICA1Tests/Info.plist;
				LD_RUNPATH_SEARCH_PATHS = (
					"$(inherited)",
					"@executable_path/Frameworks",
					"@loader_path/Frameworks",
				);
				PRODUCT_BUNDLE_IDENTIFIER = id.PRACTICA1Tests;
				PRODUCT_NAME = "$(TARGET_NAME)";
				SWIFT_VERSION = 4.2;
				TARGETED_DEVICE_FAMILY = "1,2";
				TEST_HOST = "$(BUILT_PRODUCTS_DIR)/PRACTICA1.app/PRACTICA1";
			};
			name = Release;
		};
		571C906C218DAC710010DCC1 /* Debug */ = {
			isa = XCBuildConfiguration;
			buildSettings = {
				ALWAYS_EMBED_SWIFT_STANDARD_LIBRARIES = YES;
				CODE_SIGN_STYLE = Automatic;
				INFOPLIST_FILE = PRACTICA1UITests/Info.plist;
				LD_RUNPATH_SEARCH_PATHS = (
					"$(inherited)",
					"@executable_path/Frameworks",
					"@loader_path/Frameworks",
				);
				PRODUCT_BUNDLE_IDENTIFIER = id.PRACTICA1UITests;
				PRODUCT_NAME = "$(TARGET_NAME)";
				SWIFT_VERSION = 4.2;
				TARGETED_DEVICE_FAMILY = "1,2";
				TEST_TARGET_NAME = PRACTICA1;
			};
			name = Debug;
		};
		571C906D218DAC710010DCC1 /* Release */ = {
			isa = XCBuildConfiguration;
			buildSettings = {
				ALWAYS_EMBED_SWIFT_STANDARD_LIBRARIES = YES;
				CODE_SIGN_STYLE = Automatic;
				INFOPLIST_FILE = PRACTICA1UITests/Info.plist;
				LD_RUNPATH_SEARCH_PATHS = (
					"$(inherited)",
					"@executable_path/Frameworks",
					"@loader_path/Frameworks",
				);
				PRODUCT_BUNDLE_IDENTIFIER = id.PRACTICA1UITests;
				PRODUCT_NAME = "$(TARGET_NAME)";
				SWIFT_VERSION = 4.2;
				TARGETED_DEVICE_FAMILY = "1,2";
				TEST_TARGET_NAME = PRACTICA1;
			};
			name = Release;
		};
/* End XCBuildConfiguration section */

/* Begin XCConfigurationList section */
		571C9038218DAC6A0010DCC1 /* Build configuration list for PBXProject "PRACTICA1" */ = {
			isa = XCConfigurationList;
			buildConfigurations = (
				571C9063218DAC710010DCC1 /* Debug */,
				571C9064218DAC710010DCC1 /* Release */,
			);
			defaultConfigurationIsVisible = 0;
			defaultConfigurationName = Release;
		};
		571C9065218DAC710010DCC1 /* Build configuration list for PBXNativeTarget "PRACTICA1" */ = {
			isa = XCConfigurationList;
			buildConfigurations = (
				571C9066218DAC710010DCC1 /* Debug */,
				571C9067218DAC710010DCC1 /* Release */,
			);
			defaultConfigurationIsVisible = 0;
			defaultConfigurationName = Release;
		};
		571C9068218DAC710010DCC1 /* Build configuration list for PBXNativeTarget "PRACTICA1Tests" */ = {
			isa = XCConfigurationList;
			buildConfigurations = (
				571C9069218DAC710010DCC1 /* Debug */,
				571C906A218DAC710010DCC1 /* Release */,
			);
			defaultConfigurationIsVisible = 0;
			defaultConfigurationName = Release;
		};
		571C906B218DAC710010DCC1 /* Build configuration list for PBXNativeTarget "PRACTICA1UITests" */ = {
			isa = XCConfigurationList;
			buildConfigurations = (
				571C906C218DAC710010DCC1 /* Debug */,
				571C906D218DAC710010DCC1 /* Release */,
			);
			defaultConfigurationIsVisible = 0;
			defaultConfigurationName = Release;
		};
/* End XCConfigurationList section */
	};
	rootObject = 571C9035218DAC6A0010DCC1 /* Project object */;
}
